<?xml version="1.0" encoding="utf-8"?>
<Project ToolsVersion="4.0" xmlns="http://schemas.microsoft.com/developer/msbuild/2003">
  <ItemGroup>
    <Filter Include="Merlin">
      <UniqueIdentifier>{AC44E0C2-98E6-0A99-81A1-1EED6DE291E9}</UniqueIdentifier>
    </Filter>
    <Filter Include="Merlin\Core">
      <UniqueIdentifier>{84345BC2-F0E9-D3B7-79DE-CD8EE592CABB}</UniqueIdentifier>
    </Filter>
    <Filter Include="Merlin\Core\Math">
      <UniqueIdentifier>{DD0BE3F6-C904-0249-F236-E7CDDE8EE154}</UniqueIdentifier>
    </Filter>
    <Filter Include="Merlin\Core\Physics">
      <UniqueIdentifier>{F67B29AE-62DD-06BC-EB4A-4D6E57AB3D7B}</UniqueIdentifier>
    </Filter>
    <Filter Include="Merlin\Core\Scene">
      <UniqueIdentifier>{A1F4B1D3-0D0B-B069-5682-3B8BC2D780F1}</UniqueIdentifier>
    </Filter>
    <Filter Include="Merlin\Events">
      <UniqueIdentifier>{10771CCB-7C37-9801-4572-E17EB1F1DCDD}</UniqueIdentifier>
    </Filter>
    <Filter Include="Merlin\ImGui">
      <UniqueIdentifier>{D68A2C0E-C2ED-BBB2-6B73-F46857B58735}</UniqueIdentifier>
    </Filter>
    <Filter Include="Merlin\Renderer">
      <UniqueIdentifier>{D28911FB-3E15-7FBF-4726-02B4B330DBBF}</UniqueIdentifier>
    </Filter>
    <Filter Include="Merlin\Window">
      <UniqueIdentifier>{13D832F4-7F98-AE2A-48D3-F7A7B452F306}</UniqueIdentifier>
    </Filter>
    <Filter Include="Platform">
      <UniqueIdentifier>{2AC788B4-1694-E3BF-3FAD-D1672BD9184E}</UniqueIdentifier>
    </Filter>
    <Filter Include="Platform\OpenGL">
      <UniqueIdentifier>{1E7D2C1D-8A08-9AE1-9319-1DD6FF23F6E1}</UniqueIdentifier>
    </Filter>
    <Filter Include="vendor">
      <UniqueIdentifier>{B3738122-9F15-ACF8-88D0-BF4C74113349}</UniqueIdentifier>
    </Filter>
    <Filter Include="vendor\glad">
      <UniqueIdentifier>{9A8E79C1-0644-F2B6-8F38-EC8DFBECE8BA}</UniqueIdentifier>
    </Filter>
    <Filter Include="vendor\stb_image">
      <UniqueIdentifier>{0DA0BA59-F998-D9AB-22CB-BE300E23B9B7}</UniqueIdentifier>
    </Filter>
  </ItemGroup>
  <ItemGroup>
    <ClInclude Include="..\vendor\stb_image\stb_image.h">
      <Filter>vendor\stb_image</Filter>
    </ClInclude>
    <ClInclude Include="Merlin.h" />
    <ClInclude Include="Merlin\Core\Application.h">
      <Filter>Merlin\Core</Filter>
    </ClInclude>
    <ClInclude Include="Merlin\Core\Constants.h">
      <Filter>Merlin\Core</Filter>
    </ClInclude>
    <ClInclude Include="Merlin\Core\Input.h">
      <Filter>Merlin\Core</Filter>
    </ClInclude>
    <ClInclude Include="Merlin\Core\KeyCodes.h">
      <Filter>Merlin\Core</Filter>
    </ClInclude>
    <ClInclude Include="Merlin\Core\Layer.h">
      <Filter>Merlin\Core</Filter>
    </ClInclude>
    <ClInclude Include="Merlin\Core\LayerStack.h">
      <Filter>Merlin\Core</Filter>
    </ClInclude>
    <ClInclude Include="Merlin\Core\Debug.h">
      <Filter>Merlin\Core</Filter>
    </ClInclude>
    <ClInclude Include="Merlin\Core\Math\Functions.h">
      <Filter>Merlin\Core\Math</Filter>
    </ClInclude>
    <ClInclude Include="Merlin\Core\Math\Math.h">
      <Filter>Merlin\Core\Math</Filter>
    </ClInclude>
    <ClInclude Include="Merlin\Core\Math\Vector.h">
      <Filter>Merlin\Core\Math</Filter>
    </ClInclude>
    <ClInclude Include="Merlin\Core\Physics\Collider2D.h">
      <Filter>Merlin\Core\Physics</Filter>
    </ClInclude>
    <ClInclude Include="Merlin\Core\Physics\CollisionSolver2D.h">
      <Filter>Merlin\Core\Physics</Filter>
    </ClInclude>
    <ClInclude Include="Merlin\Core\Physics\Impulse2D.h">
      <Filter>Merlin\Core\Physics</Filter>
    </ClInclude>
    <ClInclude Include="Merlin\Core\Physics\Physics2DWizard.h">
      <Filter>Merlin\Core\Physics</Filter>
    </ClInclude>
    <ClInclude Include="Merlin\Core\Physics\PhysicsSolver2D.h">
      <Filter>Merlin\Core\Physics</Filter>
    </ClInclude>
    <ClInclude Include="Merlin\Core\Physics\RigidBody2D.h">
      <Filter>Merlin\Core\Physics</Filter>
    </ClInclude>
    <ClInclude Include="Merlin\Core\Physics\SmoothPosition2D.h">
      <Filter>Merlin\Core\Physics</Filter>
    </ClInclude>
    <ClInclude Include="Merlin\Core\Physics\VelocitySolver2D.h">
      <Filter>Merlin\Core\Physics</Filter>
    </ClInclude>
    <ClInclude Include="Merlin\Core\Scene\ComponentPool.h">
      <Filter>Merlin\Core\Scene</Filter>
    </ClInclude>
    <ClInclude Include="Merlin\Core\Scene\Entity.h">
      <Filter>Merlin\Core\Scene</Filter>
    </ClInclude>
    <ClInclude Include="Merlin\Core\Scene\EntityConstants.h">
      <Filter>Merlin\Core\Scene</Filter>
    </ClInclude>
    <ClInclude Include="Merlin\Core\Scene\EntityList.h">
      <Filter>Merlin\Core\Scene</Filter>
    </ClInclude>
    <ClInclude Include="Merlin\Core\Scene\Scene.h">
      <Filter>Merlin\Core\Scene</Filter>
    </ClInclude>
    <ClInclude Include="Merlin\Core\Scene\Tag.h">
      <Filter>Merlin\Core\Scene</Filter>
    </ClInclude>
    <ClInclude Include="Merlin\Core\Scene\Transform.h">
      <Filter>Merlin\Core\Scene</Filter>
    </ClInclude>
    <ClInclude Include="Merlin\Core\Scene\Wizard.h">
      <Filter>Merlin\Core\Scene</Filter>
    </ClInclude>
    <ClInclude Include="Merlin\Core\Scene\WizardStack.h">
      <Filter>Merlin\Core\Scene</Filter>
    </ClInclude>
    <ClInclude Include="Merlin\Core\Timestep.h">
      <Filter>Merlin\Core</Filter>
    </ClInclude>
    <ClInclude Include="Merlin\Events\Event.h">
      <Filter>Merlin\Events</Filter>
    </ClInclude>
    <ClInclude Include="Merlin\Events\KeyEvent.h">
      <Filter>Merlin\Events</Filter>
    </ClInclude>
    <ClInclude Include="Merlin\Events\WindowEvent.h">
      <Filter>Merlin\Events</Filter>
    </ClInclude>
    <ClInclude Include="Merlin\ImGui\ImGuiLayer.h">
      <Filter>Merlin\ImGui</Filter>
    </ClInclude>
    <ClInclude Include="Merlin\Renderer\Camera.h">
      <Filter>Merlin\Renderer</Filter>
    </ClInclude>
    <ClInclude Include="Merlin\Renderer\Material2D.h">
      <Filter>Merlin\Renderer</Filter>
    </ClInclude>
    <ClInclude Include="Merlin\Renderer\RenderWizard.h">
      <Filter>Merlin\Renderer</Filter>
    </ClInclude>
    <ClInclude Include="Merlin\Renderer\Renderer2D.h">
      <Filter>Merlin\Renderer</Filter>
    </ClInclude>
    <ClInclude Include="Merlin\Renderer\ResourceManager.h">
      <Filter>Merlin\Renderer</Filter>
    </ClInclude>
    <ClInclude Include="Merlin\Renderer\Shader.h">
      <Filter>Merlin\Renderer</Filter>
    </ClInclude>
    <ClInclude Include="Merlin\Renderer\SubTexture2D.h">
      <Filter>Merlin\Renderer</Filter>
    </ClInclude>
    <ClInclude Include="Merlin\Renderer\Texture2D.h">
      <Filter>Merlin\Renderer</Filter>
    </ClInclude>
    <ClInclude Include="Merlin\Window\Window.h">
      <Filter>Merlin\Window</Filter>
    </ClInclude>
    <ClInclude Include="Platform\OpenGL\ImGuiGLFWRenderer.h">
      <Filter>Platform\OpenGL</Filter>
    </ClInclude>
    <ClInclude Include="Platform\OpenGL\ImGuiOpenGLLoader.h">
      <Filter>Platform\OpenGL</Filter>
    </ClInclude>
    <ClInclude Include="Platform\OpenGL\ImGuiOpenGLRenderer.h">
      <Filter>Platform\OpenGL</Filter>
    </ClInclude>
    <ClInclude Include="mlpch.h" />
  </ItemGroup>
  <ItemGroup>
    <ClCompile Include="..\vendor\glad\glad.c">
      <Filter>vendor\glad</Filter>
    </ClCompile>
    <ClCompile Include="..\vendor\stb_image\stb_image.cpp">
      <Filter>vendor\stb_image</Filter>
    </ClCompile>
    <ClCompile Include="Merlin\Core\Application.cpp">
      <Filter>Merlin\Core</Filter>
    </ClCompile>
    <ClCompile Include="Merlin\Core\Constants.cpp">
      <Filter>Merlin\Core</Filter>
    </ClCompile>
    <ClCompile Include="Merlin\Core\Input.cpp">
      <Filter>Merlin\Core</Filter>
    </ClCompile>
    <ClCompile Include="Merlin\Core\Layer.cpp">
      <Filter>Merlin\Core</Filter>
    </ClCompile>
    <ClCompile Include="Merlin\Core\LayerStack.cpp">
      <Filter>Merlin\Core</Filter>
    </ClCompile>
    <ClCompile Include="Merlin\Core\Physics\Impulse2D.cpp">
      <Filter>Merlin\Core\Physics</Filter>
    </ClCompile>
    <ClCompile Include="Merlin\Core\Physics\Physics2DWizard.cpp">
      <Filter>Merlin\Core\Physics</Filter>
    </ClCompile>
    <ClCompile Include="Merlin\Core\Physics\SmoothPosition2D.cpp">
      <Filter>Merlin\Core\Physics</Filter>
    </ClCompile>
    <ClCompile Include="Merlin\Core\Physics\VelocitySolver2D.cpp">
      <Filter>Merlin\Core\Physics</Filter>
    </ClCompile>
    <ClCompile Include="Merlin\Core\Scene\Entity.cpp">
      <Filter>Merlin\Core\Scene</Filter>
    </ClCompile>
    <ClCompile Include="Merlin\Core\Scene\Scene.cpp">
      <Filter>Merlin\Core\Scene</Filter>
    </ClCompile>
    <ClCompile Include="Merlin\Core\Scene\Wizard.cpp">
      <Filter>Merlin\Core\Scene</Filter>
    </ClCompile>
    <ClCompile Include="Merlin\Core\Scene\WizardStack.cpp">
      <Filter>Merlin\Core\Scene</Filter>
    </ClCompile>
    <ClCompile Include="Merlin\ImGui\ImGuiLayer.cpp">
      <Filter>Merlin\ImGui</Filter>
    </ClCompile>
    <ClCompile Include="Merlin\Renderer\Camera.cpp">
      <Filter>Merlin\Renderer</Filter>
    </ClCompile>
    <ClCompile Include="Merlin\Renderer\RenderWizard.cpp">
      <Filter>Merlin\Renderer</Filter>
    </ClCompile>
    <ClCompile Include="Merlin\Renderer\Renderer2D.cpp">
      <Filter>Merlin\Renderer</Filter>
    </ClCompile>
    <ClCompile Include="Merlin\Renderer\ResourceManager.cpp">
      <Filter>Merlin\Renderer</Filter>
    </ClCompile>
    <ClCompile Include="Merlin\Renderer\Shader.cpp">
      <Filter>Merlin\Renderer</Filter>
    </ClCompile>
    <ClCompile Include="Merlin\Renderer\SubTexture2D.cpp">
      <Filter>Merlin\Renderer</Filter>
    </ClCompile>
    <ClCompile Include="Merlin\Renderer\Texture2D.cpp">
      <Filter>Merlin\Renderer</Filter>
    </ClCompile>
    <ClCompile Include="Merlin\Window\Window.cpp">
      <Filter>Merlin\Window</Filter>
    </ClCompile>
    <ClCompile Include="Platform\OpenGL\ImGuiGLFWRenderer.cpp">
      <Filter>Platform\OpenGL</Filter>
    </ClCompile>
    <ClCompile Include="Platform\OpenGL\ImGuiOpenGLRenderer.cpp">
      <Filter>Platform\OpenGL</Filter>
    </ClCompile>
    <ClCompile Include="mlpch.cpp" />
  </ItemGroup>
</Project>