<?xml version="1.0" encoding="utf-8"?>
<Project ToolsVersion="4.0" xmlns="http://schemas.microsoft.com/developer/msbuild/2003">
  <ItemGroup>
    <Filter Include="ArenaExample">
      <UniqueIdentifier>{380FC232-2472-51D7-CDF7-898DB9391D5A}</UniqueIdentifier>
    </Filter>
    <Filter Include="PongExample">
      <UniqueIdentifier>{E5F26253-51A8-DB48-DA9C-D51F4651D24C}</UniqueIdentifier>
    </Filter>
  </ItemGroup>
  <ItemGroup>
    <ClInclude Include="ArenaExample\ArenaLayer.h">
      <Filter>ArenaExample</Filter>
    </ClInclude>
    <ClInclude Include="ArenaExample\PlayerEntity.h">
      <Filter>ArenaExample</Filter>
    </ClInclude>
    <ClInclude Include="PongExample\BottomWall.h">
      <Filter>PongExample</Filter>
    </ClInclude>
    <ClInclude Include="PongExample\GameState.h">
      <Filter>PongExample</Filter>
    </ClInclude>
    <ClInclude Include="PongExample\LeftWall.h">
      <Filter>PongExample</Filter>
    </ClInclude>
    <ClInclude Include="PongExample\PlayerPaddle.h">
      <Filter>PongExample</Filter>
    </ClInclude>
    <ClInclude Include="PongExample\PongLayer.h">
      <Filter>PongExample</Filter>
    </ClInclude>
    <ClInclude Include="PongExample\PongWall.h">
      <Filter>PongExample</Filter>
    </ClInclude>
    <ClInclude Include="PongExample\RightWall.h">
      <Filter>PongExample</Filter>
    </ClInclude>
    <ClInclude Include="PongExample\TopWall.h">
      <Filter>PongExample</Filter>
    </ClInclude>
  </ItemGroup>
  <ItemGroup>
    <ClCompile Include="ArenaExample\ArenaLayer.cpp">
      <Filter>ArenaExample</Filter>
    </ClCompile>
    <ClCompile Include="ArenaExample\PlayerEntity.cpp">
      <Filter>ArenaExample</Filter>
    </ClCompile>
    <ClCompile Include="PongExample\BottomWall.cpp">
      <Filter>PongExample</Filter>
    </ClCompile>
    <ClCompile Include="PongExample\LeftWall.cpp">
      <Filter>PongExample</Filter>
    </ClCompile>
    <ClCompile Include="PongExample\PlayerPaddle.cpp">
      <Filter>PongExample</Filter>
    </ClCompile>
    <ClCompile Include="PongExample\PongLayer.cpp">
      <Filter>PongExample</Filter>
    </ClCompile>
    <ClCompile Include="PongExample\PongWall.cpp">
      <Filter>PongExample</Filter>
    </ClCompile>
    <ClCompile Include="PongExample\RightWall.cpp">
      <Filter>PongExample</Filter>
    </ClCompile>
    <ClCompile Include="PongExample\TopWall.cpp">
      <Filter>PongExample</Filter>
    </ClCompile>
    <ClCompile Include="SandboxApp.cpp" />
  </ItemGroup>
</Project>