<?xml version="1.0" encoding="utf-8"?>
<Project ToolsVersion="4.0" xmlns="http://schemas.microsoft.com/developer/msbuild/2003">
  <ItemGroup>
    <Filter Include="Core">
      <UniqueIdentifier>{2EB4837C-1AEB-840D-C3D7-6A10AFED000F}</UniqueIdentifier>
    </Filter>
    <Filter Include="Editor">
      <UniqueIdentifier>{8C1A20B0-78BC-4A86-6177-5EDA4DB8D1D6}</UniqueIdentifier>
    </Filter>
    <Filter Include="Utility">
      <UniqueIdentifier>{594615A9-C525-9444-CE3D-1F1B3A9CFAA5}</UniqueIdentifier>
    </Filter>
    <Filter Include="Windows">
      <UniqueIdentifier>{5032B729-BC11-36C5-C529-C19B31889C26}</UniqueIdentifier>
    </Filter>
  </ItemGroup>
  <ItemGroup>
    <ClInclude Include="src\Excalibur\Core\EditorLayer.h">
      <Filter>Core</Filter>
    </ClInclude>
    <ClInclude Include="src\Excalibur\Core\EditorWindow.h">
      <Filter>Core</Filter>
    </ClInclude>
    <ClInclude Include="src\Excalibur\Editor\ViewportCamera.h">
      <Filter>Editor</Filter>
    </ClInclude>
    <ClInclude Include="src\Excalibur\Utility\EditorGUI.h">
      <Filter>Utility</Filter>
    </ClInclude>
    <ClInclude Include="src\Excalibur\Windows\HierarchyWindow.h">
      <Filter>Windows</Filter>
    </ClInclude>
    <ClInclude Include="src\Excalibur\Windows\PropertiesWindow.h">
      <Filter>Windows</Filter>
    </ClInclude>
    <ClInclude Include="src\Excalibur\Windows\ViewportWindow.h">
      <Filter>Windows</Filter>
    </ClInclude>
  </ItemGroup>
  <ItemGroup>
    <ClCompile Include="src\Excalibur\Core\EditorLayer.cpp">
      <Filter>Core</Filter>
    </ClCompile>
    <ClCompile Include="src\Excalibur\Core\EditorWindow.cpp">
      <Filter>Core</Filter>
    </ClCompile>
    <ClCompile Include="src\Excalibur\Core\Excalibur.cpp">
      <Filter>Core</Filter>
    </ClCompile>
    <ClCompile Include="src\Excalibur\Editor\ViewportCamera.cpp">
      <Filter>Editor</Filter>
    </ClCompile>
    <ClCompile Include="src\Excalibur\Utility\EditorGUI.cpp">
      <Filter>Utility</Filter>
    </ClCompile>
    <ClCompile Include="src\Excalibur\Windows\HierarchyWindow.cpp">
      <Filter>Windows</Filter>
    </ClCompile>
    <ClCompile Include="src\Excalibur\Windows\PropertiesWindow.cpp">
      <Filter>Windows</Filter>
    </ClCompile>
    <ClCompile Include="src\Excalibur\Windows\ViewportWindow.cpp">
      <Filter>Windows</Filter>
    </ClCompile>
  </ItemGroup>
</Project>